<?xml version="1.0" encoding="UTF-8" standalone="yes" ?>
<CodeBlocks_project_file>
	<FileVersion major="1" minor="6" />
	<Project>
		<Option title="Final_Project_Slither_lite_allegro" />
		<Option pch_mode="2" />
		<Option compiler="gcc" />
		<Build>
			<Target title="Debug">
				<Option output="bin/Debug/Final_Project_Slither_lite_allegro" prefix_auto="1" extension_auto="1" />
				<Option object_output="obj/Debug/" />
				<Option type="0" />
				<Option compiler="mingw_with_allegro_5211" />
				<Option projectCompilerOptionsRelation="-1" />
				<Option projectLinkerOptionsRelation="-1" />
				<Option projectIncludeDirsRelation="-1" />
				<Option projectResourceIncludeDirsRelation="-1" />
				<Option projectLibDirsRelation="-1" />
				<MakeCommands>
					<Build command="" />
					<CompileFile command="" />
					<Clean command="" />
					<DistClean command="" />
					<AskRebuildNeeded command="" />
					<SilentBuild command=" &gt; $(CMD_NULL)" />
				</MakeCommands>
			</Target>
			<Target title="Release">
				<Option output="bin/Release/Final_Project_Slither_lite_allegro" prefix_auto="1" extension_auto="1" />
				<Option object_output="obj/Release/" />
				<Option type="0" />
				<Option compiler="gcc" />
				<Compiler>
					<Add option="-O2" />
				</Compiler>
				<Linker>
					<Add option="-s" />
				</Linker>
			</Target>
		</Build>
		<Compiler>
			<Add option="-Wall" />
		</Compiler>
		<Unit filename="src/AiFunction.c">
			<Option compilerVar="CC" />
		</Unit>
		<Unit filename="src/AiFunction.h" />
		<Unit filename="src/Animate.c">
			<Option compilerVar="CC" />
		</Unit>
		<Unit filename="src/Animate.h" />
		<Unit filename="src/BodyStack.c">
			<Option compilerVar="CC" />
		</Unit>
		<Unit filename="src/BodyStack.h" />
		<Unit filename="src/ComputeTask.c">
			<Option compilerVar="CC" />
		</Unit>
		<Unit filename="src/ComputeTask.h" />
		<Unit filename="src/Init.c">
			<Option compilerVar="CC" />
		</Unit>
		<Unit filename="src/Init.h" />
		<Unit filename="src/LeaderBoard.c">
			<Option compilerVar="CC" />
		</Unit>
		<Unit filename="src/LeaderBoard.h" />
		<Unit filename="src/LevelSelect.c">
			<Option compilerVar="CC" />
		</Unit>
		<Unit filename="src/LevelSelect.h" />
		<Unit filename="src/Lightspot.c">
			<Option compilerVar="CC" />
		</Unit>
		<Unit filename="src/Lightspot.h" />
		<Unit filename="src/Map.c">
			<Option compilerVar="CC" />
		</Unit>
		<Unit filename="src/Map.h" />
		<Unit filename="src/OtherFunctions.c">
			<Option compilerVar="CC" />
		</Unit>
		<Unit filename="src/OtherFunctions.h" />
		<Unit filename="src/Snake.c">
			<Option compilerVar="CC" />
		</Unit>
		<Unit filename="src/Snake.h" />
		<Unit filename="src/Structures.h" />
		<Unit filename="src/atan2_dict.c">
			<Option compilerVar="CC" />
		</Unit>
		<Unit filename="src/atan2_dict.h" />
		<Unit filename="src/define.h" />
		<Unit filename="src/draw_lightspot.c">
			<Option compilerVar="CC" />
		</Unit>
		<Unit filename="src/draw_lightspot.h" />
		<Unit filename="src/draw_map.c">
			<Option compilerVar="CC" />
		</Unit>
		<Unit filename="src/draw_map.h" />
		<Unit filename="src/draw_snake.c">
			<Option compilerVar="CC" />
		</Unit>
		<Unit filename="src/draw_snake.h" />
		<Unit filename="src/main.c">
			<Option compilerVar="CC" />
		</Unit>
		<Unit filename="src/main.rc">
			<Option compilerVar="WINDRES" />
		</Unit>
		<Extensions>
			<code_completion />
			<envvars />
			<debugger />
			<lib_finder disable_auto="1" />
			<DoxyBlocks>
				<comment_style block="0" line="0" />
				<doxyfile_project />
				<doxyfile_build />
				<doxyfile_warnings />
				<doxyfile_output />
				<doxyfile_dot />
				<general use_at_in_tags="1" />
			</DoxyBlocks>
		</Extensions>
	</Project>
</CodeBlocks_project_file>
